
Microsoft Visual Studio Solution File, Format Version 12.00
# Visual Studio Version 16
VisualStudioVersion = 16.0.30709.132
MinimumVisualStudioVersion = 10.0.40219.1
Project("{FAE04EC0-301F-11D3-BF4B-00C04F79EFBC}") = "WcfSiplex", "WcfSiplex\WcfSiplex.csproj", "{F2061FD8-5688-47EE-B008-B17589E6C00A}"
EndProject
Project("{FAE04EC0-301F-11D3-BF4B-00C04F79EFBC}") = "HttpClient", "HttpClient\HttpClient.csproj", "{89EB7772-03E5-46AA-BD6E-D36E5D25A3C0}"
EndProject
Project("{FAE04EC0-301F-11D3-BF4B-00C04F79EFBC}") = "TcpClient", "TcpClient\TcpClient.csproj", "{297327C1-B9DB-4E00-BA5B-DFAD13195095}"
	ProjectSection(ProjectDependencies) = postProject
		{F2061FD8-5688-47EE-B008-B17589E6C00A} = {F2061FD8-5688-47EE-B008-B17589E6C00A}
	EndProjectSection
EndProject
Global
	GlobalSection(SolutionConfigurationPlatforms) = preSolution
		Debug|Any CPU = Debug|Any CPU
		Release|Any CPU = Release|Any CPU
	EndGlobalSection
	GlobalSection(ProjectConfigurationPlatforms) = postSolution
		{F2061FD8-5688-47EE-B008-B17589E6C00A}.Debug|Any CPU.ActiveCfg = Debug|Any CPU
		{F2061FD8-5688-47EE-B008-B17589E6C00A}.Debug|Any CPU.Build.0 = Debug|Any CPU
		{F2061FD8-5688-47EE-B008-B17589E6C00A}.Release|Any CPU.ActiveCfg = Release|Any CPU
		{F2061FD8-5688-47EE-B008-B17589E6C00A}.Release|Any CPU.Build.0 = Release|Any CPU
		{89EB7772-03E5-46AA-BD6E-D36E5D25A3C0}.Debug|Any CPU.ActiveCfg = Debug|Any CPU
		{89EB7772-03E5-46AA-BD6E-D36E5D25A3C0}.Debug|Any CPU.Build.0 = Debug|Any CPU
		{89EB7772-03E5-46AA-BD6E-D36E5D25A3C0}.Release|Any CPU.ActiveCfg = Release|Any CPU
		{89EB7772-03E5-46AA-BD6E-D36E5D25A3C0}.Release|Any CPU.Build.0 = Release|Any CPU
		{297327C1-B9DB-4E00-BA5B-DFAD13195095}.Debug|Any CPU.ActiveCfg = Debug|Any CPU
		{297327C1-B9DB-4E00-BA5B-DFAD13195095}.Debug|Any CPU.Build.0 = Debug|Any CPU
		{297327C1-B9DB-4E00-BA5B-DFAD13195095}.Release|Any CPU.ActiveCfg = Release|Any CPU
		{297327C1-B9DB-4E00-BA5B-DFAD13195095}.Release|Any CPU.Build.0 = Release|Any CPU
	EndGlobalSection
	GlobalSection(SolutionProperties) = preSolution
		HideSolutionNode = FALSE
	EndGlobalSection
	GlobalSection(ExtensibilityGlobals) = postSolution
		SolutionGuid = {7B709FF5-C242-4C9C-8BF2-B870D54BC2B7}
	EndGlobalSection
EndGlobal
